
Microsoft Visual Studio Solution File, Format Version 12.00
# Visual Studio Version 16
VisualStudioVersion = 16.0.31205.134
MinimumVisualStudioVersion = 10.0.40219.1
Project("{FAE04EC0-301F-11D3-BF4B-00C04F79EFBC}") = "CSharpPracticeConcerts", "CSharpPracticeConcerts\CSharpPracticeConcerts.csproj", "{3F1A0BA0-EAEB-4F2F-AFBA-9BF96E5C5782}"
EndProject
Global
	GlobalSection(SolutionConfigurationPlatforms) = preSolution
		Debug|Any CPU = Debug|Any CPU
		Release|Any CPU = Release|Any CPU
	EndGlobalSection
	GlobalSection(ProjectConfigurationPlatforms) = postSolution
		{3F1A0BA0-EAEB-4F2F-AFBA-9BF96E5C5782}.Debug|Any CPU.ActiveCfg = Debug|Any CPU
		{3F1A0BA0-EAEB-4F2F-AFBA-9BF96E5C5782}.Debug|Any CPU.Build.0 = Debug|Any CPU
		{3F1A0BA0-EAEB-4F2F-AFBA-9BF96E5C5782}.Release|Any CPU.ActiveCfg = Release|Any CPU
		{3F1A0BA0-EAEB-4F2F-AFBA-9BF96E5C5782}.Release|Any CPU.Build.0 = Release|Any CPU
	EndGlobalSection
	GlobalSection(SolutionProperties) = preSolution
		HideSolutionNode = FALSE
	EndGlobalSection
	GlobalSection(ExtensibilityGlobals) = postSolution
		SolutionGuid = {09AA6B0C-BFEC-4BFE-87D9-349DB82C850F}
	EndGlobalSection
EndGlobal
